
Microsoft Visual Studio Solution File, Format Version 12.00
# Visual Studio Version 17
VisualStudioVersion = 17.9.34728.123
MinimumVisualStudioVersion = 10.0.40219.1
Project("{9A19103F-16F7-4668-BE54-9A1E7A4F7556}") = "Demo", "Demo\Demo.csproj", "{D8C3D3D3-9300-4FCA-B6DF-2691B582F2D2}"
EndProject
Project("{FAE04EC0-301F-11D3-BF4B-00C04F79EFBC}") = "Assignment", "Assignment\Assignment.csproj", "{E8654E15-CD06-4F1E-8471-5F823634BA95}"
EndProject
Global
	GlobalSection(SolutionConfigurationPlatforms) = preSolution
		Debug|Any CPU = Debug|Any CPU
		Release|Any CPU = Release|Any CPU
	EndGlobalSection
	GlobalSection(ProjectConfigurationPlatforms) = postSolution
		{D8C3D3D3-9300-4FCA-B6DF-2691B582F2D2}.Debug|Any CPU.ActiveCfg = Debug|Any CPU
		{D8C3D3D3-9300-4FCA-B6DF-2691B582F2D2}.Debug|Any CPU.Build.0 = Debug|Any CPU
		{D8C3D3D3-9300-4FCA-B6DF-2691B582F2D2}.Release|Any CPU.ActiveCfg = Release|Any CPU
		{D8C3D3D3-9300-4FCA-B6DF-2691B582F2D2}.Release|Any CPU.Build.0 = Release|Any CPU
		{E8654E15-CD06-4F1E-8471-5F823634BA95}.Debug|Any CPU.ActiveCfg = Debug|Any CPU
		{E8654E15-CD06-4F1E-8471-5F823634BA95}.Debug|Any CPU.Build.0 = Debug|Any CPU
		{E8654E15-CD06-4F1E-8471-5F823634BA95}.Release|Any CPU.ActiveCfg = Release|Any CPU
		{E8654E15-CD06-4F1E-8471-5F823634BA95}.Release|Any CPU.Build.0 = Release|Any CPU
	EndGlobalSection
	GlobalSection(SolutionProperties) = preSolution
		HideSolutionNode = FALSE
	EndGlobalSection
	GlobalSection(ExtensibilityGlobals) = postSolution
		SolutionGuid = {49E6712D-0BFD-4767-9E8B-7723BA5DF37C}
	EndGlobalSection
EndGlobal
